
Microsoft Visual Studio Solution File, Format Version 12.00
# Visual Studio Version 16
VisualStudioVersion = 16.0.28803.452
MinimumVisualStudioVersion = 10.0.40219.1
Project("{FAE04EC0-301F-11D3-BF4B-00C04F79EFBC}") = "ConsoleApp2", "ConsoleApp2\ConsoleApp2.csproj", "{32DF25DD-2FE2-482B-9481-85EB9719BC50}"
EndProject
Global
	GlobalSection(SolutionConfigurationPlatforms) = preSolution
		Debug|Any CPU = Debug|Any CPU
		Release|Any CPU = Release|Any CPU
	EndGlobalSection
	GlobalSection(ProjectConfigurationPlatforms) = postSolution
		{32DF25DD-2FE2-482B-9481-85EB9719BC50}.Debug|Any CPU.ActiveCfg = Debug|Any CPU
		{32DF25DD-2FE2-482B-9481-85EB9719BC50}.Debug|Any CPU.Build.0 = Debug|Any CPU
		{32DF25DD-2FE2-482B-9481-85EB9719BC50}.Release|Any CPU.ActiveCfg = Release|Any CPU
		{32DF25DD-2FE2-482B-9481-85EB9719BC50}.Release|Any CPU.Build.0 = Release|Any CPU
	EndGlobalSection
	GlobalSection(SolutionProperties) = preSolution
		HideSolutionNode = FALSE
	EndGlobalSection
	GlobalSection(ExtensibilityGlobals) = postSolution
		SolutionGuid = {BD7F0E79-1990-4805-8D48-1D67FEC4D034}
	EndGlobalSection
EndGlobal
